// !$*UTF8*$!
{
	archiveVersion = 1;
	classes = {
	};
	objectVersion = 46;
	objects = {

/* Begin PBXBuildFile section */
		F4B1525F1A3F9E5A00FCA994 /* OCMapView.h in CopyFiles */ = {isa = PBXBuildFile; fileRef = F4B1525E1A3F9E5A00FCA994 /* OCMapView.h */; };
		F4B152611A3F9E5A00FCA994 /* OCMapView.m in Sources */ = {isa = PBXBuildFile; fileRef = F4B152601A3F9E5A00FCA994 /* OCMapView.m */; };
		F4B152671A3F9E5A00FCA994 /* libOCMapView.a in Frameworks */ = {isa = PBXBuildFile; fileRef = F4B1525C1A3F9E5A00FCA994 /* libOCMapView.a */; };
		F4B152741A3F9EC200FCA994 /* MapKit.framework in Frameworks */ = {isa = PBXBuildFile; fileRef = F4B152731A3F9EC200FCA994 /* MapKit.framework */; };
		F4B152761A3F9EC900FCA994 /* UIKit.framework in Frameworks */ = {isa = PBXBuildFile; fileRef = F4B152751A3F9EC900FCA994 /* UIKit.framework */; };
/* End PBXBuildFile section */

/* Begin PBXContainerItemProxy section */
		F4B152681A3F9E5A00FCA994 /* PBXContainerItemProxy */ = {
			isa = PBXContainerItemProxy;
			containerPortal = F4B152141A3F9BB200FCA994 /* Project object */;
			proxyType = 1;
			remoteGlobalIDString = F4B1525B1A3F9E5A00FCA994;
			remoteInfo = OCMapView;
		};
/* End PBXContainerItemProxy section */

/* Begin PBXCopyFilesBuildPhase section */
		F4B1525A1A3F9E5A00FCA994 /* CopyFiles */ = {
			isa = PBXCopyFilesBuildPhase;
			buildActionMask = 2147483647;
			dstPath = "include/$(PRODUCT_NAME)";
			dstSubfolderSpec = 16;
			files = (
				F4B1525F1A3F9E5A00FCA994 /* OCMapView.h in CopyFiles */,
			);
			runOnlyForDeploymentPostprocessing = 0;
		};
/* End PBXCopyFilesBuildPhase section */

/* Begin PBXFileReference section */
		F4B152211A3F9BB200FCA994 /* Info.plist */ = {isa = PBXFileReference; lastKnownFileType = text.plist.xml; path = Info.plist; sourceTree = "<group>"; };
		F4B1522E1A3F9BB200FCA994 /* Info.plist */ = {isa = PBXFileReference; lastKnownFileType = text.plist.xml; path = Info.plist; sourceTree = "<group>"; };
		F4B1522F1A3F9BB200FCA994 /* OCMapViewTests.swift */ = {isa = PBXFileReference; lastKnownFileType = sourcecode.swift; path = OCMapViewTests.swift; sourceTree = "<group>"; };
		F4B152391A3F9BC900FCA994 /* OCAlgorithmDelegate.h */ = {isa = PBXFileReference; fileEncoding = 4; lastKnownFileType = sourcecode.c.h; path = OCAlgorithmDelegate.h; sourceTree = "<group>"; };
		F4B1523A1A3F9BC900FCA994 /* OCAlgorithms.h */ = {isa = PBXFileReference; fileEncoding = 4; lastKnownFileType = sourcecode.c.h; path = OCAlgorithms.h; sourceTree = "<group>"; };
		F4B1523B1A3F9BC900FCA994 /* OCAlgorithms.m */ = {isa = PBXFileReference; fileEncoding = 4; lastKnownFileType = sourcecode.c.objc; path = OCAlgorithms.m; sourceTree = "<group>"; };
		F4B1523C1A3F9BC900FCA994 /* OCAnnotation.h */ = {isa = PBXFileReference; fileEncoding = 4; lastKnownFileType = sourcecode.c.h; path = OCAnnotation.h; sourceTree = "<group>"; };
		F4B1523D1A3F9BC900FCA994 /* OCAnnotation.m */ = {isa = PBXFileReference; fileEncoding = 4; lastKnownFileType = sourcecode.c.objc; path = OCAnnotation.m; sourceTree = "<group>"; };
		F4B1523E1A3F9BC900FCA994 /* OCDistance.h */ = {isa = PBXFileReference; fileEncoding = 4; lastKnownFileType = sourcecode.c.h; path = OCDistance.h; sourceTree = "<group>"; };
		F4B1523F1A3F9BC900FCA994 /* OCDistance.m */ = {isa = PBXFileReference; fileEncoding = 4; lastKnownFileType = sourcecode.c.objc; path = OCDistance.m; sourceTree = "<group>"; };
		F4B152401A3F9BC900FCA994 /* OCGrouping.h */ = {isa = PBXFileReference; fileEncoding = 4; lastKnownFileType = sourcecode.c.h; path = OCGrouping.h; sourceTree = "<group>"; };
		F4B152411A3F9BC900FCA994 /* OCMapView.h */ = {isa = PBXFileReference; fileEncoding = 4; lastKnownFileType = sourcecode.c.h; path = OCMapView.h; sourceTree = "<group>"; };
		F4B152421A3F9BC900FCA994 /* OCMapView.m */ = {isa = PBXFileReference; fileEncoding = 4; lastKnownFileType = sourcecode.c.objc; path = OCMapView.m; sourceTree = "<group>"; };
		F4B1525C1A3F9E5A00FCA994 /* libOCMapView.a */ = {isa = PBXFileReference; explicitFileType = archive.ar; includeInIndex = 0; path = libOCMapView.a; sourceTree = BUILT_PRODUCTS_DIR; };
		F4B1525E1A3F9E5A00FCA994 /* OCMapView.h */ = {isa = PBXFileReference; lastKnownFileType = sourcecode.c.h; path = OCMapView.h; sourceTree = "<group>"; };
		F4B152601A3F9E5A00FCA994 /* OCMapView.m */ = {isa = PBXFileReference; lastKnownFileType = sourcecode.c.objc; path = OCMapView.m; sourceTree = "<group>"; };
		F4B152661A3F9E5A00FCA994 /* OCMapViewTests.xctest */ = {isa = PBXFileReference; explicitFileType = wrapper.cfbundle; includeInIndex = 0; path = OCMapViewTests.xctest; sourceTree = BUILT_PRODUCTS_DIR; };
		F4B1526C1A3F9E5A00FCA994 /* Info.plist */ = {isa = PBXFileReference; lastKnownFileType = text.plist.xml; path = Info.plist; sourceTree = "<group>"; };
		F4B152731A3F9EC200FCA994 /* MapKit.framework */ = {isa = PBXFileReference; lastKnownFileType = wrapper.framework; name = MapKit.framework; path = System/Library/Frameworks/MapKit.framework; sourceTree = SDKROOT; };
		F4B152751A3F9EC900FCA994 /* UIKit.framework */ = {isa = PBXFileReference; lastKnownFileType = wrapper.framework; name = UIKit.framework; path = System/Library/Frameworks/UIKit.framework; sourceTree = SDKROOT; };
/* End PBXFileReference section */

/* Begin PBXFrameworksBuildPhase section */
		F4B152591A3F9E5A00FCA994 /* Frameworks */ = {
			isa = PBXFrameworksBuildPhase;
			buildActionMask = 2147483647;
			files = (
				F4B152761A3F9EC900FCA994 /* UIKit.framework in Frameworks */,
				F4B152741A3F9EC200FCA994 /* MapKit.framework in Frameworks */,
			);
			runOnlyForDeploymentPostprocessing = 0;
		};
		F4B152631A3F9E5A00FCA994 /* Frameworks */ = {
			isa = PBXFrameworksBuildPhase;
			buildActionMask = 2147483647;
			files = (
				F4B152671A3F9E5A00FCA994 /* libOCMapView.a in Frameworks */,
			);
			runOnlyForDeploymentPostprocessing = 0;
		};
/* End PBXFrameworksBuildPhase section */

/* Begin PBXGroup section */
		F4B152131A3F9BB200FCA994 = {
			isa = PBXGroup;
			children = (
				F4B152751A3F9EC900FCA994 /* UIKit.framework */,
				F4B152731A3F9EC200FCA994 /* MapKit.framework */,
				F4B152431A3F9BC900FCA994 /* OCMapView */,
				F4B1521F1A3F9BB200FCA994 /* OCMapView */,
				F4B1522C1A3F9BB200FCA994 /* OCMapViewTests */,
				F4B1525D1A3F9E5A00FCA994 /* OCMapView */,
				F4B1526A1A3F9E5A00FCA994 /* OCMapViewTests */,
				F4B1521E1A3F9BB200FCA994 /* Products */,
			);
			sourceTree = "<group>";
		};
		F4B1521E1A3F9BB200FCA994 /* Products */ = {
			isa = PBXGroup;
			children = (
				F4B1525C1A3F9E5A00FCA994 /* libOCMapView.a */,
				F4B152661A3F9E5A00FCA994 /* OCMapViewTests.xctest */,
			);
			name = Products;
			sourceTree = "<group>";
		};
		F4B1521F1A3F9BB200FCA994 /* OCMapView */ = {
			isa = PBXGroup;
			children = (
				F4B152201A3F9BB200FCA994 /* Supporting Files */,
			);
			path = OCMapView;
			sourceTree = "<group>";
		};
		F4B152201A3F9BB200FCA994 /* Supporting Files */ = {
			isa = PBXGroup;
			children = (
				F4B152211A3F9BB200FCA994 /* Info.plist */,
			);
			name = "Supporting Files";
			sourceTree = "<group>";
		};
		F4B1522C1A3F9BB200FCA994 /* OCMapViewTests */ = {
			isa = PBXGroup;
			children = (
				F4B1522F1A3F9BB200FCA994 /* OCMapViewTests.swift */,
				F4B1522D1A3F9BB200FCA994 /* Supporting Files */,
			);
			path = OCMapViewTests;
			sourceTree = "<group>";
		};
		F4B1522D1A3F9BB200FCA994 /* Supporting Files */ = {
			isa = PBXGroup;
			children = (
				F4B1522E1A3F9BB200FCA994 /* Info.plist */,
			);
			name = "Supporting Files";
			sourceTree = "<group>";
		};
		F4B152431A3F9BC900FCA994 /* OCMapView */ = {
			isa = PBXGroup;
			children = (
				F4B152391A3F9BC900FCA994 /* OCAlgorithmDelegate.h */,
				F4B1523A1A3F9BC900FCA994 /* OCAlgorithms.h */,
				F4B1523B1A3F9BC900FCA994 /* OCAlgorithms.m */,
				F4B1523C1A3F9BC900FCA994 /* OCAnnotation.h */,
				F4B1523D1A3F9BC900FCA994 /* OCAnnotation.m */,
				F4B1523E1A3F9BC900FCA994 /* OCDistance.h */,
				F4B1523F1A3F9BC900FCA994 /* OCDistance.m */,
				F4B152401A3F9BC900FCA994 /* OCGrouping.h */,
				F4B152411A3F9BC900FCA994 /* OCMapView.h */,
				F4B152421A3F9BC900FCA994 /* OCMapView.m */,
			);
			name = OCMapView;
			path = ..;
			sourceTree = "<group>";
		};
		F4B1525D1A3F9E5A00FCA994 /* OCMapView */ = {
			isa = PBXGroup;
			children = (
				F4B1525E1A3F9E5A00FCA994 /* OCMapView.h */,
				F4B152601A3F9E5A00FCA994 /* OCMapView.m */,
			);
			path = OCMapView;
			sourceTree = "<group>";
		};
		F4B1526A1A3F9E5A00FCA994 /* OCMapViewTests */ = {
			isa = PBXGroup;
			children = (
				F4B1526B1A3F9E5A00FCA994 /* Supporting Files */,
			);
			path = OCMapViewTests;
			sourceTree = "<group>";
		};
		F4B1526B1A3F9E5A00FCA994 /* Supporting Files */ = {
			isa = PBXGroup;
			children = (
				F4B1526C1A3F9E5A00FCA994 /* Info.plist */,
			);
			name = "Supporting Files";
			sourceTree = "<group>";
		};
/* End PBXGroup section */

/* Begin PBXNativeTarget section */
		F4B1525B1A3F9E5A00FCA994 /* OCMapView */ = {
			isa = PBXNativeTarget;
			buildConfigurationList = F4B1526D1A3F9E5A00FCA994 /* Build configuration list for PBXNativeTarget "OCMapView" */;
			buildPhases = (
				F4B152581A3F9E5A00FCA994 /* Sources */,
				F4B152591A3F9E5A00FCA994 /* Frameworks */,
				F4B1525A1A3F9E5A00FCA994 /* CopyFiles */,
			);
			buildRules = (
			);
			dependencies = (
			);
			name = OCMapView;
			productName = OCMapView;
			productReference = F4B1525C1A3F9E5A00FCA994 /* libOCMapView.a */;
			productType = "com.apple.product-type.library.static";
		};
		F4B152651A3F9E5A00FCA994 /* OCMapViewTests */ = {
			isa = PBXNativeTarget;
			buildConfigurationList = F4B152701A3F9E5A00FCA994 /* Build configuration list for PBXNativeTarget "OCMapViewTests" */;
			buildPhases = (
				F4B152621A3F9E5A00FCA994 /* Sources */,
				F4B152631A3F9E5A00FCA994 /* Frameworks */,
				F4B152641A3F9E5A00FCA994 /* Resources */,
			);
			buildRules = (
			);
			dependencies = (
				F4B152691A3F9E5A00FCA994 /* PBXTargetDependency */,
			);
			name = OCMapViewTests;
			productName = OCMapViewTests;
			productReference = F4B152661A3F9E5A00FCA994 /* OCMapViewTests.xctest */;
			productType = "com.apple.product-type.bundle.unit-test";
		};
/* End PBXNativeTarget section */

/* Begin PBXProject section */
		F4B152141A3F9BB200FCA994 /* Project object */ = {
			isa = PBXProject;
			attributes = {
				LastUpgradeCheck = 0610;
				ORGANIZATIONNAME = "Arun Vijayvergiya";
				TargetAttributes = {
					F4B1525B1A3F9E5A00FCA994 = {
						CreatedOnToolsVersion = 6.1;
					};
					F4B152651A3F9E5A00FCA994 = {
						CreatedOnToolsVersion = 6.1;
					};
				};
			};
			buildConfigurationList = F4B152171A3F9BB200FCA994 /* Build configuration list for PBXProject "OCMapView" */;
			compatibilityVersion = "Xcode 3.2";
			developmentRegion = English;
			hasScannedForEncodings = 0;
			knownRegions = (
				en,
			);
			mainGroup = F4B152131A3F9BB200FCA994;
			productRefGroup = F4B1521E1A3F9BB200FCA994 /* Products */;
			projectDirPath = "";
			projectRoot = "";
			targets = (
				F4B1525B1A3F9E5A00FCA994 /* OCMapView */,
				F4B152651A3F9E5A00FCA994 /* OCMapViewTests */,
			);
		};
/* End PBXProject section */

/* Begin PBXResourcesBuildPhase section */
		F4B152641A3F9E5A00FCA994 /* Resources */ = {
			isa = PBXResourcesBuildPhase;
			buildActionMask = 2147483647;
			files = (
			);
			runOnlyForDeploymentPostprocessing = 0;
		};
/* End PBXResourcesBuildPhase section */

/* Begin PBXSourcesBuildPhase section */
		F4B152581A3F9E5A00FCA994 /* Sources */ = {
			isa = PBXSourcesBuildPhase;
			buildActionMask = 2147483647;
			files = (
				F4B152611A3F9E5A00FCA994 /* OCMapView.m in Sources */,
			);
			runOnlyForDeploymentPostprocessing = 0;
		};
		F4B152621A3F9E5A00FCA994 /* Sources */ = {
			isa = PBXSourcesBuildPhase;
			buildActionMask = 2147483647;
			files = (
			);
			runOnlyForDeploymentPostprocessing = 0;
		};
/* End PBXSourcesBuildPhase section */

/* Begin PBXTargetDependency section */
		F4B152691A3F9E5A00FCA994 /* PBXTargetDependency */ = {
			isa = PBXTargetDependency;
			target = F4B1525B1A3F9E5A00FCA994 /* OCMapView */;
			targetProxy = F4B152681A3F9E5A00FCA994 /* PBXContainerItemProxy */;
		};
/* End PBXTargetDependency section */

/* Begin XCBuildConfiguration section */
		F4B152311A3F9BB200FCA994 /* Debug */ = {
			isa = XCBuildConfiguration;
			buildSettings = {
				ALWAYS_SEARCH_USER_PATHS = NO;
				CLANG_CXX_LANGUAGE_STANDARD = "gnu++0x";
				CLANG_CXX_LIBRARY = "libc++";
				CLANG_ENABLE_MODULES = YES;
				CLANG_ENABLE_OBJC_ARC = YES;
				CLANG_WARN_BOOL_CONVERSION = YES;
				CLANG_WARN_CONSTANT_CONVERSION = YES;
				CLANG_WARN_DIRECT_OBJC_ISA_USAGE = YES_ERROR;
				CLANG_WARN_EMPTY_BODY = YES;
				CLANG_WARN_ENUM_CONVERSION = YES;
				CLANG_WARN_INT_CONVERSION = YES;
				CLANG_WARN_OBJC_ROOT_CLASS = YES_ERROR;
				CLANG_WARN_UNREACHABLE_CODE = YES;
				CLANG_WARN__DUPLICATE_METHOD_MATCH = YES;
				"CODE_SIGN_IDENTITY[sdk=iphoneos*]" = "iPhone Developer";
				COPY_PHASE_STRIP = NO;
				CURRENT_PROJECT_VERSION = 1;
				ENABLE_STRICT_OBJC_MSGSEND = YES;
				GCC_C_LANGUAGE_STANDARD = gnu99;
				GCC_DYNAMIC_NO_PIC = NO;
				GCC_OPTIMIZATION_LEVEL = 0;
				GCC_PREPROCESSOR_DEFINITIONS = (
					"DEBUG=1",
					"$(inherited)",
				);
				GCC_SYMBOLS_PRIVATE_EXTERN = NO;
				GCC_WARN_64_TO_32_BIT_CONVERSION = YES;
				GCC_WARN_ABOUT_RETURN_TYPE = YES_ERROR;
				GCC_WARN_UNDECLARED_SELECTOR = YES;
				GCC_WARN_UNINITIALIZED_AUTOS = YES_AGGRESSIVE;
				GCC_WARN_UNUSED_FUNCTION = YES;
				GCC_WARN_UNUSED_VARIABLE = YES;
				IPHONEOS_DEPLOYMENT_TARGET = 7.0;
				MTL_ENABLE_DEBUG_INFO = YES;
				ONLY_ACTIVE_ARCH = YES;
				SDKROOT = iphoneos;
				SWIFT_OPTIMIZATION_LEVEL = "-Onone";
				TARGETED_DEVICE_FAMILY = "1,2";
				VERSIONING_SYSTEM = "apple-generic";
				VERSION_INFO_PREFIX = "";
			};
			name = Debug;
		};
		F4B152321A3F9BB200FCA994 /* Release */ = {
			isa = XCBuildConfiguration;
			buildSettings = {
				ALWAYS_SEARCH_USER_PATHS = NO;
				CLANG_CXX_LANGUAGE_STANDARD = "gnu++0x";
				CLANG_CXX_LIBRARY = "libc++";
				CLANG_ENABLE_MODULES = YES;
				CLANG_ENABLE_OBJC_ARC = YES;
				CLANG_WARN_BOOL_CONVERSION = YES;
				CLANG_WARN_CONSTANT_CONVERSION = YES;
				CLANG_WARN_DIRECT_OBJC_ISA_USAGE = YES_ERROR;
				CLANG_WARN_EMPTY_BODY = YES;
				CLANG_WARN_ENUM_CONVERSION = YES;
				CLANG_WARN_INT_CONVERSION = YES;
				CLANG_WARN_OBJC_ROOT_CLASS = YES_ERROR;
				CLANG_WARN_UNREACHABLE_CODE = YES;
				CLANG_WARN__DUPLICATE_METHOD_MATCH = YES;
				"CODE_SIGN_IDENTITY[sdk=iphoneos*]" = "iPhone Developer";
				COPY_PHASE_STRIP = YES;
				CURRENT_PROJECT_VERSION = 1;
				ENABLE_NS_ASSERTIONS = NO;
				ENABLE_STRICT_OBJC_MSGSEND = YES;
				GCC_C_LANGUAGE_STANDARD = gnu99;
				GCC_WARN_64_TO_32_BIT_CONVERSION = YES;
				GCC_WARN_ABOUT_RETURN_TYPE = YES_ERROR;
				GCC_WARN_UNDECLARED_SELECTOR = YES;
				GCC_WARN_UNINITIALIZED_AUTOS = YES_AGGRESSIVE;
				GCC_WARN_UNUSED_FUNCTION = YES;
				GCC_WARN_UNUSED_VARIABLE = YES;
				IPHONEOS_DEPLOYMENT_TARGET = 7.0;
				MTL_ENABLE_DEBUG_INFO = NO;
				SDKROOT = iphoneos;
				TARGETED_DEVICE_FAMILY = "1,2";
				VALIDATE_PRODUCT = YES;
				VERSIONING_SYSTEM = "apple-generic";
				VERSION_INFO_PREFIX = "";
			};
			name = Release;
		};
		F4B1526E1A3F9E5A00FCA994 /* Debug */ = {
			isa = XCBuildConfiguration;
			buildSettings = {
				GCC_PREPROCESSOR_DEFINITIONS = (
					"DEBUG=1",
					"$(inherited)",
				);
				IPHONEOS_DEPLOYMENT_TARGET = 7.0;
				OTHER_LDFLAGS = "-ObjC";
				PRODUCT_NAME = "$(TARGET_NAME)";
				SKIP_INSTALL = YES;
			};
			name = Debug;
		};
		F4B1526F1A3F9E5A00FCA994 /* Release */ = {
			isa = XCBuildConfiguration;
			buildSettings = {
				IPHONEOS_DEPLOYMENT_TARGET = 7.0;
				OTHER_LDFLAGS = "-ObjC";
				PRODUCT_NAME = "$(TARGET_NAME)";
				SKIP_INSTALL = YES;
			};
			name = Release;
		};
		F4B152711A3F9E5A00FCA994 /* Debug */ = {
			isa = XCBuildConfiguration;
			buildSettings = {
				FRAMEWORK_SEARCH_PATHS = (
					"$(SDKROOT)/Developer/Library/Frameworks",
					"$(inherited)",
				);
				GCC_PREPROCESSOR_DEFINITIONS = (
					"DEBUG=1",
					"$(inherited)",
				);
				INFOPLIST_FILE = OCMapViewTests/Info.plist;
				IPHONEOS_DEPLOYMENT_TARGET = 7.0;
				LD_RUNPATH_SEARCH_PATHS = "$(inherited) @executable_path/Frameworks @loader_path/Frameworks";
				PRODUCT_NAME = "$(TARGET_NAME)";
			};
			name = Debug;
		};
		F4B152721A3F9E5A00FCA994 /* Release */ = {
			isa = XCBuildConfiguration;
			buildSettings = {
				FRAMEWORK_SEARCH_PATHS = (
					"$(SDKROOT)/Developer/Library/Frameworks",
					"$(inherited)",
				);
				INFOPLIST_FILE = OCMapViewTests/Info.plist;
				IPHONEOS_DEPLOYMENT_TARGET = 7.0;
				LD_RUNPATH_SEARCH_PATHS = "$(inherited) @executable_path/Frameworks @loader_path/Frameworks";
				PRODUCT_NAME = "$(TARGET_NAME)";
			};
			name = Release;
		};
/* End XCBuildConfiguration section */

/* Begin XCConfigurationList section */
		F4B152171A3F9BB200FCA994 /* Build configuration list for PBXProject "OCMapView" */ = {
			isa = XCConfigurationList;
			buildConfigurations = (
				F4B152311A3F9BB200FCA994 /* Debug */,
				F4B152321A3F9BB200FCA994 /* Release */,
			);
			defaultConfigurationIsVisible = 0;
			defaultConfigurationName = Release;
		};
		F4B1526D1A3F9E5A00FCA994 /* Build configuration list for PBXNativeTarget "OCMapView" */ = {
			isa = XCConfigurationList;
			buildConfigurations = (
				F4B1526E1A3F9E5A00FCA994 /* Debug */,
				F4B1526F1A3F9E5A00FCA994 /* Release */,
			);
			defaultConfigurationIsVisible = 0;
			defaultConfigurationName = Release;
		};
		F4B152701A3F9E5A00FCA994 /* Build configuration list for PBXNativeTarget "OCMapViewTests" */ = {
			isa = XCConfigurationList;
			buildConfigurations = (
				F4B152711A3F9E5A00FCA994 /* Debug */,
				F4B152721A3F9E5A00FCA994 /* Release */,
			);
			defaultConfigurationIsVisible = 0;
			defaultConfigurationName = Release;
		};
/* End XCConfigurationList section */
	};
	rootObject = F4B152141A3F9BB200FCA994 /* Project object */;
}
